
Microsoft Visual Studio Solution File, Format Version 12.00
# Visual Studio Version 16
VisualStudioVersion = 16.0.31424.327
MinimumVisualStudioVersion = 10.0.40219.1
Project("{2150E333-8FDC-42A3-9474-1A3956D46DE8}") = "Services", "Services", "{79D78F6F-0418-4891-B1CB-B32AA0B17702}"
EndProject
Project("{2150E333-8FDC-42A3-9474-1A3956D46DE8}") = "Catalog", "Catalog", "{3F5DD078-24F6-4DA4-A77D-776E46D51ED9}"
EndProject
Project("{FAE04EC0-301F-11D3-BF4B-00C04F79EFBC}") = "Catalog.API", "Services\Catalog\Catalog.API\Catalog.API.csproj", "{8B6BD2A0-11E5-4A83-A080-1B24B1B8F338}"
EndProject
Project("{E53339B2-1760-4266-BCC7-CA923CBCF16C}") = "docker-compose", "docker-compose.dcproj", "{06C7AC61-81FA-4A06-B1D9-8EE2A8BF61AB}"
EndProject
Project("{2150E333-8FDC-42A3-9474-1A3956D46DE8}") = "Basket", "Basket", "{8C61EDF4-7F0A-40A9-B743-10D5C14815B4}"
EndProject
Project("{FAE04EC0-301F-11D3-BF4B-00C04F79EFBC}") = "Basket.API", "Services\Basket\Basket.API\Basket.API.csproj", "{9CC8BD47-DBB9-4B55-A2C3-B373682A45AD}"
EndProject
Project("{2150E333-8FDC-42A3-9474-1A3956D46DE8}") = "Discount", "Discount", "{C683FF0A-68E7-45F2-921B-7770B2C1E572}"
EndProject
Project("{FAE04EC0-301F-11D3-BF4B-00C04F79EFBC}") = "Discount.API", "Services\Discount\Discount.API\Discount.API.csproj", "{CAF0CE40-9CEA-447B-B886-24ED775266EF}"
EndProject
Project("{FAE04EC0-301F-11D3-BF4B-00C04F79EFBC}") = "Discount.Grpc", "Services\Discount\Discount.Grpc\Discount.Grpc.csproj", "{7F49D7B0-FFEE-42C7-B58F-086BB674306D}"
EndProject
Project("{2150E333-8FDC-42A3-9474-1A3956D46DE8}") = "Ordering", "Ordering", "{517C7025-B16D-4054-892F-A4F4FDE39651}"
EndProject
Project("{FAE04EC0-301F-11D3-BF4B-00C04F79EFBC}") = "Ordering.API", "Services\Ordering\Ordering.API\Ordering.API.csproj", "{FDE6D73C-D2F3-4489-AE74-853ACA54D8D8}"
EndProject
Project("{FAE04EC0-301F-11D3-BF4B-00C04F79EFBC}") = "Ordering.Domain", "Services\Ordering\Ordering.Domain\Ordering.Domain.csproj", "{36B04F48-63E5-4876-AD5C-619235219627}"
EndProject
Project("{FAE04EC0-301F-11D3-BF4B-00C04F79EFBC}") = "Ordering.Infrastructure", "Services\Ordering\Ordering.Infrastructure\Ordering.Infrastructure.csproj", "{F50A5FB2-E8F5-4BBB-B608-3E56FB46D590}"
EndProject
Project("{FAE04EC0-301F-11D3-BF4B-00C04F79EFBC}") = "Ordering.Application", "Services\Ordering\Ordering.Application\Ordering.Application.csproj", "{42E52306-C1D2-44EB-8360-A70704D2B4B1}"
EndProject
Project("{2150E333-8FDC-42A3-9474-1A3956D46DE8}") = "BuildingBlocks", "BuildingBlocks", "{D8F5AD44-715B-4E63-82B8-111662467288}"
EndProject
Project("{FAE04EC0-301F-11D3-BF4B-00C04F79EFBC}") = "EventBus.Messages", "BuildingBlocks\EventBus.Messages\EventBus.Messages.csproj", "{1BAD328A-E61A-4F1F-9606-E43C5F94CC0F}"
EndProject
Project("{2150E333-8FDC-42A3-9474-1A3956D46DE8}") = "ApiGateways", "ApiGateways", "{699893A3-EFA8-4F83-97FB-5EDC6B36A25D}"
EndProject
Project("{FAE04EC0-301F-11D3-BF4B-00C04F79EFBC}") = "OcelotApiGw", "ApiGateways\OcelotApiGw\OcelotApiGw.csproj", "{D98D6EBE-9EA1-4672-BF76-259785E4C535}"
EndProject
Global
	GlobalSection(SolutionConfigurationPlatforms) = preSolution
		Debug|Any CPU = Debug|Any CPU
		Release|Any CPU = Release|Any CPU
	EndGlobalSection
	GlobalSection(ProjectConfigurationPlatforms) = postSolution
		{8B6BD2A0-11E5-4A83-A080-1B24B1B8F338}.Debug|Any CPU.ActiveCfg = Debug|Any CPU
		{8B6BD2A0-11E5-4A83-A080-1B24B1B8F338}.Debug|Any CPU.Build.0 = Debug|Any CPU
		{8B6BD2A0-11E5-4A83-A080-1B24B1B8F338}.Release|Any CPU.ActiveCfg = Release|Any CPU
		{8B6BD2A0-11E5-4A83-A080-1B24B1B8F338}.Release|Any CPU.Build.0 = Release|Any CPU
		{06C7AC61-81FA-4A06-B1D9-8EE2A8BF61AB}.Debug|Any CPU.ActiveCfg = Debug|Any CPU
		{06C7AC61-81FA-4A06-B1D9-8EE2A8BF61AB}.Debug|Any CPU.Build.0 = Debug|Any CPU
		{06C7AC61-81FA-4A06-B1D9-8EE2A8BF61AB}.Release|Any CPU.ActiveCfg = Release|Any CPU
		{06C7AC61-81FA-4A06-B1D9-8EE2A8BF61AB}.Release|Any CPU.Build.0 = Release|Any CPU
		{9CC8BD47-DBB9-4B55-A2C3-B373682A45AD}.Debug|Any CPU.ActiveCfg = Debug|Any CPU
		{9CC8BD47-DBB9-4B55-A2C3-B373682A45AD}.Debug|Any CPU.Build.0 = Debug|Any CPU
		{9CC8BD47-DBB9-4B55-A2C3-B373682A45AD}.Release|Any CPU.ActiveCfg = Release|Any CPU
		{9CC8BD47-DBB9-4B55-A2C3-B373682A45AD}.Release|Any CPU.Build.0 = Release|Any CPU
		{CAF0CE40-9CEA-447B-B886-24ED775266EF}.Debug|Any CPU.ActiveCfg = Debug|Any CPU
		{CAF0CE40-9CEA-447B-B886-24ED775266EF}.Debug|Any CPU.Build.0 = Debug|Any CPU
		{CAF0CE40-9CEA-447B-B886-24ED775266EF}.Release|Any CPU.ActiveCfg = Release|Any CPU
		{CAF0CE40-9CEA-447B-B886-24ED775266EF}.Release|Any CPU.Build.0 = Release|Any CPU
		{7F49D7B0-FFEE-42C7-B58F-086BB674306D}.Debug|Any CPU.ActiveCfg = Debug|Any CPU
		{7F49D7B0-FFEE-42C7-B58F-086BB674306D}.Debug|Any CPU.Build.0 = Debug|Any CPU
		{7F49D7B0-FFEE-42C7-B58F-086BB674306D}.Release|Any CPU.ActiveCfg = Release|Any CPU
		{7F49D7B0-FFEE-42C7-B58F-086BB674306D}.Release|Any CPU.Build.0 = Release|Any CPU
		{FDE6D73C-D2F3-4489-AE74-853ACA54D8D8}.Debug|Any CPU.ActiveCfg = Debug|Any CPU
		{FDE6D73C-D2F3-4489-AE74-853ACA54D8D8}.Debug|Any CPU.Build.0 = Debug|Any CPU
		{FDE6D73C-D2F3-4489-AE74-853ACA54D8D8}.Release|Any CPU.ActiveCfg = Release|Any CPU
		{FDE6D73C-D2F3-4489-AE74-853ACA54D8D8}.Release|Any CPU.Build.0 = Release|Any CPU
		{36B04F48-63E5-4876-AD5C-619235219627}.Debug|Any CPU.ActiveCfg = Debug|Any CPU
		{36B04F48-63E5-4876-AD5C-619235219627}.Debug|Any CPU.Build.0 = Debug|Any CPU
		{36B04F48-63E5-4876-AD5C-619235219627}.Release|Any CPU.ActiveCfg = Release|Any CPU
		{36B04F48-63E5-4876-AD5C-619235219627}.Release|Any CPU.Build.0 = Release|Any CPU
		{F50A5FB2-E8F5-4BBB-B608-3E56FB46D590}.Debug|Any CPU.ActiveCfg = Debug|Any CPU
		{F50A5FB2-E8F5-4BBB-B608-3E56FB46D590}.Debug|Any CPU.Build.0 = Debug|Any CPU
		{F50A5FB2-E8F5-4BBB-B608-3E56FB46D590}.Release|Any CPU.ActiveCfg = Release|Any CPU
		{F50A5FB2-E8F5-4BBB-B608-3E56FB46D590}.Release|Any CPU.Build.0 = Release|Any CPU
		{42E52306-C1D2-44EB-8360-A70704D2B4B1}.Debug|Any CPU.ActiveCfg = Debug|Any CPU
		{42E52306-C1D2-44EB-8360-A70704D2B4B1}.Debug|Any CPU.Build.0 = Debug|Any CPU
		{42E52306-C1D2-44EB-8360-A70704D2B4B1}.Release|Any CPU.ActiveCfg = Release|Any CPU
		{42E52306-C1D2-44EB-8360-A70704D2B4B1}.Release|Any CPU.Build.0 = Release|Any CPU
		{1BAD328A-E61A-4F1F-9606-E43C5F94CC0F}.Debug|Any CPU.ActiveCfg = Debug|Any CPU
		{1BAD328A-E61A-4F1F-9606-E43C5F94CC0F}.Debug|Any CPU.Build.0 = Debug|Any CPU
		{1BAD328A-E61A-4F1F-9606-E43C5F94CC0F}.Release|Any CPU.ActiveCfg = Release|Any CPU
		{1BAD328A-E61A-4F1F-9606-E43C5F94CC0F}.Release|Any CPU.Build.0 = Release|Any CPU
		{D98D6EBE-9EA1-4672-BF76-259785E4C535}.Debug|Any CPU.ActiveCfg = Debug|Any CPU
		{D98D6EBE-9EA1-4672-BF76-259785E4C535}.Debug|Any CPU.Build.0 = Debug|Any CPU
		{D98D6EBE-9EA1-4672-BF76-259785E4C535}.Release|Any CPU.ActiveCfg = Release|Any CPU
		{D98D6EBE-9EA1-4672-BF76-259785E4C535}.Release|Any CPU.Build.0 = Release|Any CPU
	EndGlobalSection
	GlobalSection(SolutionProperties) = preSolution
		HideSolutionNode = FALSE
	EndGlobalSection
	GlobalSection(NestedProjects) = preSolution
		{3F5DD078-24F6-4DA4-A77D-776E46D51ED9} = {79D78F6F-0418-4891-B1CB-B32AA0B17702}
		{8B6BD2A0-11E5-4A83-A080-1B24B1B8F338} = {3F5DD078-24F6-4DA4-A77D-776E46D51ED9}
		{8C61EDF4-7F0A-40A9-B743-10D5C14815B4} = {79D78F6F-0418-4891-B1CB-B32AA0B17702}
		{9CC8BD47-DBB9-4B55-A2C3-B373682A45AD} = {8C61EDF4-7F0A-40A9-B743-10D5C14815B4}
		{C683FF0A-68E7-45F2-921B-7770B2C1E572} = {79D78F6F-0418-4891-B1CB-B32AA0B17702}
		{CAF0CE40-9CEA-447B-B886-24ED775266EF} = {C683FF0A-68E7-45F2-921B-7770B2C1E572}
		{7F49D7B0-FFEE-42C7-B58F-086BB674306D} = {C683FF0A-68E7-45F2-921B-7770B2C1E572}
		{517C7025-B16D-4054-892F-A4F4FDE39651} = {79D78F6F-0418-4891-B1CB-B32AA0B17702}
		{FDE6D73C-D2F3-4489-AE74-853ACA54D8D8} = {517C7025-B16D-4054-892F-A4F4FDE39651}
		{36B04F48-63E5-4876-AD5C-619235219627} = {517C7025-B16D-4054-892F-A4F4FDE39651}
		{F50A5FB2-E8F5-4BBB-B608-3E56FB46D590} = {517C7025-B16D-4054-892F-A4F4FDE39651}
		{42E52306-C1D2-44EB-8360-A70704D2B4B1} = {517C7025-B16D-4054-892F-A4F4FDE39651}
		{1BAD328A-E61A-4F1F-9606-E43C5F94CC0F} = {D8F5AD44-715B-4E63-82B8-111662467288}
		{D98D6EBE-9EA1-4672-BF76-259785E4C535} = {699893A3-EFA8-4F83-97FB-5EDC6B36A25D}
	EndGlobalSection
	GlobalSection(ExtensibilityGlobals) = postSolution
		SolutionGuid = {09528563-49A8-4D5B-869A-066818C7E3E6}
	EndGlobalSection
EndGlobal
